{
    "_readme": [
        "This file locks the dependencies of your project to a known state",
        "Read more about it at https://getcomposer.org/doc/01-basic-usage.md#installing-dependencies",
        "This file is @generated automatically"
    ],
    "content-hash": "d893ad6992206f0d782b911722b6961b",
    "packages": [
        {
            "name": "jyggen/curl",
            "version": "v4.0.0",
            "source": {
                "type": "git",
                "url": "https://github.com/jyggen/curl.git",
                "reference": "cb9f9a8962bbb50f0e27c2f1d011d4732a775d23"
            },
            "dist": {
                "type": "zip",
                "url": "https://api.github.com/repos/jyggen/curl/zipball/cb9f9a8962bbb50f0e27c2f1d011d4732a775d23",
                "reference": "cb9f9a8962bbb50f0e27c2f1d011d4732a775d23",
                "shasum": ""
            },
            "require": {
                "ext-curl": "*",
                "php": ">=5.4",
                "symfony/http-foundation": "^2.0.5"
            },
            "require-dev": {
                "apigen/apigen": "^4.1.1",
                "jakub-onderka/php-parallel-lint": "^0.9",
                "mockery/mockery": "^0.9.4",
                "phpunit/phpunit": "^4.8.10",
                "satooshi/php-coveralls": "^0.6.1",
                "squizlabs/php_codesniffer": "^2.3.4"
            },
            "type": "library",
            "extra": {
                "branch-alias": {
                    "dev-master": "4.0.x-dev"
                }
            },
            "autoload": {
                "psr-4": {
                    "Jyggen\\Curl\\": "src"
                }
            },
            "notification-url": "https://packagist.org/downloads/",
            "license": [
                "MIT"
            ],
            "authors": [
                {
                    "name": "Jonas Stendahl",
                    "email": "jonas.stendahl@gmail.com",
                    "homepage": "https://jyggen.com"
                }
            ],
            "description": "A simple and lightweight cURL library with support for asynchronous requests.",
            "homepage": "https://github.com/jyggen/curl",
            "keywords": [
                "asynchronous",
                "bot",
                "crawler",
                "curl",
                "http",
                "multi",
                "request",
                "spider"
            ],
            "abandoned": "guzzlehttp/guzzle",
            "time": "2016-09-13T16:25:27+00:00"
        },
        {
            "name": "symfony/http-foundation",
            "version": "v2.7.1",
            "source": {
                "type": "git",
                "url": "https://github.com/symfony/http-foundation.git",
                "reference": "4f363c426b0ced57e3d14460022feb63937980ff"
            },
            "dist": {
                "type": "zip",
                "url": "https://api.github.com/repos/symfony/http-foundation/zipball/4f363c426b0ced57e3d14460022feb63937980ff",
                "reference": "4f363c426b0ced57e3d14460022feb63937980ff",
                "shasum": ""
            },
            "require": {
                "php": ">=5.3.9"
            },
            "require-dev": {
                "symfony/expression-language": "~2.4",
                "symfony/phpunit-bridge": "~2.7"
            },
            "type": "library",
            "extra": {
                "branch-alias": {
                    "dev-master": "2.7-dev"
                }
            },
            "autoload": {
                "psr-4": {
                    "Symfony\\Component\\HttpFoundation\\": ""
                },
                "classmap": [
                    "Resources/stubs"
                ]
            },
            "notification-url": "https://packagist.org/downloads/",
            "license": [
                "MIT"
            ],
            "authors": [
                {
                    "name": "Fabien Potencier",
                    "email": "fabien@symfony.com"
                },
                {
                    "name": "Symfony Community",
                    "homepage": "https://symfony.com/contributors"
                }
            ],
            "description": "Symfony HttpFoundation Component",
            "homepage": "https://symfony.com",
            "time": "2015-06-10T15:30:22+00:00"
        }
    ],
    "packages-dev": [],
    "aliases": [],
    "minimum-stability": "stable",
    "stability-flags": [],
    "prefer-stable": false,
    "prefer-lowest": false,
    "platform": {
        "php": ">=5.5.9"
    },
    "platform-dev": []
}
